
Microsoft Visual Studio Solution File, Format Version 12.00
# Visual Studio Version 16
VisualStudioVersion = 25.0.1706.12
MinimumVisualStudioVersion = 10.0.40219.1
Project("{FAE04EC0-301F-11D3-BF4B-00C04F79EFBC}") = "WebApi", "WebApi.csproj", "{4094E387-ADD2-4655-BA90-5989AB6809E2}"
EndProject
Project("{FAE04EC0-301F-11D3-BF4B-00C04F79EFBC}") = "AlertApiTests", "..\AlertApiTests\AlertApiTests.csproj", "{CEC6FA52-E634-4BA6-80F4-32899F8E75D0}"
EndProject
Global
	GlobalSection(SolutionConfigurationPlatforms) = preSolution
		Debug|Any CPU = Debug|Any CPU
		Release|Any CPU = Release|Any CPU
	EndGlobalSection
	GlobalSection(ProjectConfigurationPlatforms) = postSolution
		{4094E387-ADD2-4655-BA90-5989AB6809E2}.Debug|Any CPU.ActiveCfg = Debug|Any CPU
		{4094E387-ADD2-4655-BA90-5989AB6809E2}.Debug|Any CPU.Build.0 = Debug|Any CPU
		{4094E387-ADD2-4655-BA90-5989AB6809E2}.Release|Any CPU.ActiveCfg = Release|Any CPU
		{4094E387-ADD2-4655-BA90-5989AB6809E2}.Release|Any CPU.Build.0 = Release|Any CPU
		{CEC6FA52-E634-4BA6-80F4-32899F8E75D0}.Debug|Any CPU.ActiveCfg = Debug|Any CPU
		{CEC6FA52-E634-4BA6-80F4-32899F8E75D0}.Debug|Any CPU.Build.0 = Debug|Any CPU
		{CEC6FA52-E634-4BA6-80F4-32899F8E75D0}.Release|Any CPU.ActiveCfg = Release|Any CPU
		{CEC6FA52-E634-4BA6-80F4-32899F8E75D0}.Release|Any CPU.Build.0 = Release|Any CPU
	EndGlobalSection
	GlobalSection(SolutionProperties) = preSolution
		HideSolutionNode = FALSE
	EndGlobalSection
	GlobalSection(ExtensibilityGlobals) = postSolution
		SolutionGuid = {4016D152-CDE3-4C7F-9912-71DC01313700}
	EndGlobalSection
EndGlobal
